
Microsoft Visual Studio Solution File, Format Version 12.00
# Visual Studio Version 16
VisualStudioVersion = 16.0.31025.194
MinimumVisualStudioVersion = 10.0.40219.1
Project("{FAE04EC0-301F-11D3-BF4B-00C04F79EFBC}") = "Pokemon Web Starter Series", "Pokemon Web Starter Series\Pokemon Web Starter Series.csproj", "{2EF779CD-074E-4862-A147-C72DB74E81CD}"
EndProject
Global
	GlobalSection(SolutionConfigurationPlatforms) = preSolution
		Debug|Any CPU = Debug|Any CPU
		Release|Any CPU = Release|Any CPU
	EndGlobalSection
	GlobalSection(ProjectConfigurationPlatforms) = postSolution
		{2EF779CD-074E-4862-A147-C72DB74E81CD}.Debug|Any CPU.ActiveCfg = Debug|Any CPU
		{2EF779CD-074E-4862-A147-C72DB74E81CD}.Debug|Any CPU.Build.0 = Debug|Any CPU
		{2EF779CD-074E-4862-A147-C72DB74E81CD}.Release|Any CPU.ActiveCfg = Release|Any CPU
		{2EF779CD-074E-4862-A147-C72DB74E81CD}.Release|Any CPU.Build.0 = Release|Any CPU
	EndGlobalSection
	GlobalSection(SolutionProperties) = preSolution
		HideSolutionNode = FALSE
	EndGlobalSection
	GlobalSection(ExtensibilityGlobals) = postSolution
		SolutionGuid = {047A27AF-56D6-4A8C-BBE6-48FF01F809BE}
	EndGlobalSection
EndGlobal
